{
    "name": "interfaces",
    "version": "0.0.1",
    "lockfileVersion": 2,
    "requires": true,
    "packages": {
        "": {
            "version": "0.0.1",
            "license": "SEE LICENSE IN ./LICENSE",
            "dependencies": {
                "@types/big.js": "^6.0.1",
                "@types/events": "^3.0.0",
                "big.js": "^6.0.3",
                "events": "^3.3.0"
            }
        },
        "node_modules/@types/big.js": {
            "version": "6.0.1",
            "resolved": "https://registry.npm.taobao.org/@types/big.js/download/@types/big.js-6.0.1.tgz",
            "integrity": "sha1-ZvhcDREHOZejocEWYORjBLYa+PE=",
            "license": "MIT"
        },
        "node_modules/@types/events": {
            "version": "3.0.0",
            "resolved": "https://repo.huaweicloud.com/repository/npm/@types/events/-/events-3.0.0.tgz",
            "integrity": "sha512-EaObqwIvayI5a8dCzhFrjKzVwKLxjoG9T6Ppd5CEo07LRKfQ8Yokw54r5+Wq7FaBQ+yXRvQAYPrHwya1/UFt9g==",
            "license": "MIT"
        },
        "node_modules/big.js": {
            "version": "6.0.3",
            "resolved": "https://registry.npm.taobao.org/big.js/download/big.js-6.0.3.tgz",
            "integrity": "sha1-i02ZrHAjZo4ORl0/eMI7isKa04E=",
            "license": "MIT",
            "engines": {
                "node": "*"
            },
            "funding": {
                "type": "opencollective",
                "url": "https://opencollective.com/bigjs"
            }
        },
        "node_modules/events": {
            "version": "3.3.0",
            "resolved": "https://repo.huaweicloud.com/repository/npm/events/-/events-3.3.0.tgz",
            "integrity": "sha512-mQw+2fkQbALzQ7V0MY0IqdnXNOeTtP4r0lN9z7AAawCXgqea7bDii20AYrIBrFd/Hx0M2Ocz6S111CaFkUcb0Q==",
            "license": "MIT",
            "engines": {
                "node": ">=0.8.x"
            }
        }
    },
    "dependencies": {
        "@types/big.js": {
            "version": "6.0.1",
            "resolved": "https://registry.npm.taobao.org/@types/big.js/download/@types/big.js-6.0.1.tgz",
            "integrity": "sha1-ZvhcDREHOZejocEWYORjBLYa+PE="
        },
        "@types/events": {
            "version": "3.0.0",
            "resolved": "https://repo.huaweicloud.com/repository/npm/@types/events/-/events-3.0.0.tgz",
            "integrity": "sha512-EaObqwIvayI5a8dCzhFrjKzVwKLxjoG9T6Ppd5CEo07LRKfQ8Yokw54r5+Wq7FaBQ+yXRvQAYPrHwya1/UFt9g=="
        },
        "big.js": {
            "version": "6.0.3",
            "resolved": "https://registry.npm.taobao.org/big.js/download/big.js-6.0.3.tgz",
            "integrity": "sha1-i02ZrHAjZo4ORl0/eMI7isKa04E="
        },
        "events": {
            "version": "3.3.0",
            "resolved": "https://repo.huaweicloud.com/repository/npm/events/-/events-3.3.0.tgz",
            "integrity": "sha512-mQw+2fkQbALzQ7V0MY0IqdnXNOeTtP4r0lN9z7AAawCXgqea7bDii20AYrIBrFd/Hx0M2Ocz6S111CaFkUcb0Q=="
        }
    }
}
