{
    "name": "interfaces",
    "version": "0.0.1",
    "lockfileVersion": 2,
    "requires": true,
    "packages": {
        "": {
            "name": "interfaces",
            "version": "0.0.1",
            "license": "SEE LICENSE IN ./LICENSE",
            "dependencies": {
                "@types/big.js": "^6.0.1",
                "@types/node": "^17.0.17",
                "big.js": "^6.1.1"
            }
        },
        "node_modules/@types/big.js": {
            "version": "6.1.2",
            "resolved": "https://registry.npmmirror.com/@types/big.js/-/big.js-6.1.2.tgz",
            "integrity": "sha512-h24JIZ52rvSvi2jkpYDk2yLH99VzZoCJiSfDWwjst7TwJVuXN61XVCUlPCzRl7mxKEMsGf8z42Q+J4TZwU3z2w=="
        },
        "node_modules/@types/node": {
            "version": "17.0.17",
            "resolved": "https://registry.npmmirror.com/@types/node/-/node-17.0.17.tgz",
            "integrity": "sha512-e8PUNQy1HgJGV3iU/Bp2+D/DXh3PYeyli8LgIwsQcs1Ar1LoaWHSIT6Rw+H2rNJmiq6SNWiDytfx8+gYj7wDHw=="
        },
        "node_modules/big.js": {
            "version": "6.1.1",
            "resolved": "https://registry.npmmirror.com/big.js/-/big.js-6.1.1.tgz",
            "integrity": "sha512-1vObw81a8ylZO5ePrtMay0n018TcftpTA5HFKDaSuiUDBo8biRBtjIobw60OpwuvrGk+FsxKamqN4cnmj/eXdg==",
            "engines": {
                "node": "*"
            }
        }
    },
    "dependencies": {
        "@types/big.js": {
            "version": "6.1.2",
            "resolved": "https://registry.npmmirror.com/@types/big.js/-/big.js-6.1.2.tgz",
            "integrity": "sha512-h24JIZ52rvSvi2jkpYDk2yLH99VzZoCJiSfDWwjst7TwJVuXN61XVCUlPCzRl7mxKEMsGf8z42Q+J4TZwU3z2w=="
        },
        "@types/node": {
            "version": "17.0.17",
            "resolved": "https://registry.npmmirror.com/@types/node/-/node-17.0.17.tgz",
            "integrity": "sha512-e8PUNQy1HgJGV3iU/Bp2+D/DXh3PYeyli8LgIwsQcs1Ar1LoaWHSIT6Rw+H2rNJmiq6SNWiDytfx8+gYj7wDHw=="
        },
        "big.js": {
            "version": "6.1.1",
            "resolved": "https://registry.npmmirror.com/big.js/-/big.js-6.1.1.tgz",
            "integrity": "sha512-1vObw81a8ylZO5ePrtMay0n018TcftpTA5HFKDaSuiUDBo8biRBtjIobw60OpwuvrGk+FsxKamqN4cnmj/eXdg=="
        }
    }
}
