{
    "name": "interfaces",
    "version": "0.0.1",
    "lockfileVersion": 2,
    "requires": true,
    "packages": {
        "": {
            "name": "interfaces",
            "version": "0.0.1",
            "license": "SEE LICENSE IN ./LICENSE",
            "dependencies": {
                "typed-event-emitter": "github:zimtsui/typed-event-emitter"
            },
            "peerDependencies": {
                "@types/big.js": "^6.0.1",
                "@types/events": "^3.0.0"
            }
        },
        "node_modules/@types/big.js": {
            "version": "6.1.2",
            "resolved": "https://registry.npmmirror.com/@types/big.js/-/big.js-6.1.2.tgz",
            "integrity": "sha512-h24JIZ52rvSvi2jkpYDk2yLH99VzZoCJiSfDWwjst7TwJVuXN61XVCUlPCzRl7mxKEMsGf8z42Q+J4TZwU3z2w==",
            "peer": true
        },
        "node_modules/@types/events": {
            "version": "3.0.0",
            "resolved": "https://registry.npmmirror.com/@types/events/-/events-3.0.0.tgz",
            "integrity": "sha512-EaObqwIvayI5a8dCzhFrjKzVwKLxjoG9T6Ppd5CEo07LRKfQ8Yokw54r5+Wq7FaBQ+yXRvQAYPrHwya1/UFt9g==",
            "license": "MIT",
            "peer": true
        },
        "node_modules/events": {
            "version": "3.3.0",
            "resolved": "https://registry.npmmirror.com/events/-/events-3.3.0.tgz",
            "integrity": "sha512-mQw+2fkQbALzQ7V0MY0IqdnXNOeTtP4r0lN9z7AAawCXgqea7bDii20AYrIBrFd/Hx0M2Ocz6S111CaFkUcb0Q==",
            "peer": true,
            "engines": {
                "node": ">=0.8.x"
            }
        },
        "node_modules/typed-event-emitter": {
            "version": "0.0.1",
            "resolved": "git+ssh://git@github.com/zimtsui/typed-event-emitter.git#d581aa2f00d91a700c1ff7346a3e81fd4f44949e",
            "dependencies": {
                "un": "^0.0.0"
            },
            "peerDependencies": {
                "@types/events": "^3.0.0",
                "events": "^3.3.0"
            }
        },
        "node_modules/un": {
            "version": "0.0.0",
            "resolved": "https://registry.npmmirror.com/un/-/un-0.0.0.tgz",
            "integrity": "sha512-Ysrl5s9YnTl7hVDOK2l5h2dKDne+/Q9FDbV5Hb1Mub1W8svfaqZj1xp/7XkzswJwzKpntT+L/9uDGLfPVsnRVA=="
        }
    },
    "dependencies": {
        "@types/big.js": {
            "version": "6.1.2",
            "resolved": "https://registry.npmmirror.com/@types/big.js/-/big.js-6.1.2.tgz",
            "integrity": "sha512-h24JIZ52rvSvi2jkpYDk2yLH99VzZoCJiSfDWwjst7TwJVuXN61XVCUlPCzRl7mxKEMsGf8z42Q+J4TZwU3z2w==",
            "peer": true
        },
        "@types/events": {
            "version": "3.0.0",
            "resolved": "https://registry.npmmirror.com/@types/events/-/events-3.0.0.tgz",
            "integrity": "sha512-EaObqwIvayI5a8dCzhFrjKzVwKLxjoG9T6Ppd5CEo07LRKfQ8Yokw54r5+Wq7FaBQ+yXRvQAYPrHwya1/UFt9g==",
            "peer": true
        },
        "events": {
            "version": "3.3.0",
            "resolved": "https://registry.npmmirror.com/events/-/events-3.3.0.tgz",
            "integrity": "sha512-mQw+2fkQbALzQ7V0MY0IqdnXNOeTtP4r0lN9z7AAawCXgqea7bDii20AYrIBrFd/Hx0M2Ocz6S111CaFkUcb0Q==",
            "peer": true
        },
        "typed-event-emitter": {
            "version": "git+ssh://git@github.com/zimtsui/typed-event-emitter.git#d581aa2f00d91a700c1ff7346a3e81fd4f44949e",
            "from": "typed-event-emitter@github:zimtsui/typed-event-emitter",
            "requires": {
                "un": "^0.0.0"
            }
        },
        "un": {
            "version": "0.0.0",
            "resolved": "https://registry.npmmirror.com/un/-/un-0.0.0.tgz",
            "integrity": "sha512-Ysrl5s9YnTl7hVDOK2l5h2dKDne+/Q9FDbV5Hb1Mub1W8svfaqZj1xp/7XkzswJwzKpntT+L/9uDGLfPVsnRVA=="
        }
    }
}
